hash: 66ca75830e4a274ddb9e194585e0a72f49a25645682280f34889e587d716a357
updated: 2018-10-01T15:23:47.375819612-10:00
imports:
- name: github.com/nlopes/slack
  version: ca27004ea682472cfc73a093b72358ae3e68d367
  repo: git@github.com:yosmudge/slack.git
  vcs: git
- name: github.com/PagerDuty/go-pagerduty
  version: b4a4067bdbde86de1d3fdf15c3c01e76bee9127c
- name: github.com/Sirupsen/logrus
  version: f3cfb454f4c209e6668c95216c4744b8fddb2356
- name: github.com/stretchr/testify
  version: 8d64eb7173c7753d6419fd4a9caf057398611364
- name: github.com/voxelbrain/goptions
  version: 26cb8b04692384f4dc269de3b5fcf3e2ef78573e
- name: golang.org/x/net
  version: c4c3ea71919de159c9e246d7be66deb7f0a39a58
  subpackages:
  - websocket
- name: gopkg.in/yaml.v2
  version: a83829b6f1293c91addabc89d0571c246397bbf4
testImports: []
