hash: 0eea03f004bb325b2e26ffd154f43c259f581ebeb0e16620b922b7989ef010d8
updated: 2018-03-14T20:29:43.282077064-10:00
imports:
- name: github.com/gorilla/websocket
  version: ea4d1f681babbce9545c9c5f3d5194a789c89f5b
- name: github.com/nlopes/slack
  version: 8ab4d0b364ef1e9af5d102531da20d5ec902b6c4
- name: github.com/Sirupsen/logrus
  version: f3cfb454f4c209e6668c95216c4744b8fddb2356
- name: github.com/stretchr/testify
  version: 8d64eb7173c7753d6419fd4a9caf057398611364
- name: github.com/voxelbrain/goptions
  version: 26cb8b04692384f4dc269de3b5fcf3e2ef78573e
- name: golang.org/x/net
  version: c4c3ea71919de159c9e246d7be66deb7f0a39a58
  subpackages:
  - websocket
- name: gopkg.in/jmcvetta/napping.v3
  version: 5be8267a453ffa5b80c4af7fa4cfc1d04d3cfd5c
- name: gopkg.in/yaml.v2
  version: a83829b6f1293c91addabc89d0571c246397bbf4
testImports: []
